
Microsoft Visual Studio Solution File, Format Version 12.00
# Visual Studio Version 16
VisualStudioVersion = 16.0.29728.190
MinimumVisualStudioVersion = 10.0.40219.1
Project("{FAE04EC0-301F-11D3-BF4B-00C04F79EFBC}") = "HandleService_WF", "HandleService_WF\HandleService_WF.csproj", "{DE547DAE-1481-4FF2-B557-D1F42A0CB68D}"
EndProject
Global
	GlobalSection(SolutionConfigurationPlatforms) = preSolution
		Debug|Any CPU = Debug|Any CPU
		Release|Any CPU = Release|Any CPU
	EndGlobalSection
	GlobalSection(ProjectConfigurationPlatforms) = postSolution
		{DE547DAE-1481-4FF2-B557-D1F42A0CB68D}.Debug|Any CPU.ActiveCfg = Debug|Any CPU
		{DE547DAE-1481-4FF2-B557-D1F42A0CB68D}.Debug|Any CPU.Build.0 = Debug|Any CPU
		{DE547DAE-1481-4FF2-B557-D1F42A0CB68D}.Release|Any CPU.ActiveCfg = Release|Any CPU
		{DE547DAE-1481-4FF2-B557-D1F42A0CB68D}.Release|Any CPU.Build.0 = Release|Any CPU
	EndGlobalSection
	GlobalSection(SolutionProperties) = preSolution
		HideSolutionNode = FALSE
	EndGlobalSection
	GlobalSection(ExtensibilityGlobals) = postSolution
		SolutionGuid = {55516652-6ACF-40DE-B141-D7E0055F2989}
	EndGlobalSection
EndGlobal
